
Microsoft Visual Studio Solution File, Format Version 12.00
# Visual Studio Version 17
VisualStudioVersion = 17.11.35222.181
MinimumVisualStudioVersion = 10.0.40219.1
Project("{FAE04EC0-301F-11D3-BF4B-00C04F79EFBC}") = "Modul2Aplikasi1", "Modul2Aplikasi1.csproj", "{C6D76C14-C348-40C1-98C7-516231AC9FFC}"
EndProject
Global
	GlobalSection(SolutionConfigurationPlatforms) = preSolution
		Debug|Any CPU = Debug|Any CPU
		Release|Any CPU = Release|Any CPU
	EndGlobalSection
	GlobalSection(ProjectConfigurationPlatforms) = postSolution
		{C6D76C14-C348-40C1-98C7-516231AC9FFC}.Debug|Any CPU.ActiveCfg = Debug|Any CPU
		{C6D76C14-C348-40C1-98C7-516231AC9FFC}.Debug|Any CPU.Build.0 = Debug|Any CPU
		{C6D76C14-C348-40C1-98C7-516231AC9FFC}.Release|Any CPU.ActiveCfg = Release|Any CPU
		{C6D76C14-C348-40C1-98C7-516231AC9FFC}.Release|Any CPU.Build.0 = Release|Any CPU
	EndGlobalSection
	GlobalSection(SolutionProperties) = preSolution
		HideSolutionNode = FALSE
	EndGlobalSection
	GlobalSection(ExtensibilityGlobals) = postSolution
		SolutionGuid = {837A234E-ACDC-47B0-9608-D5E54083E277}
	EndGlobalSection
EndGlobal
