
Microsoft Visual Studio Solution File, Format Version 12.00
# Visual Studio Version 17
VisualStudioVersion = 17.11.35222.181
MinimumVisualStudioVersion = 10.0.40219.1
Project("{FAE04EC0-301F-11D3-BF4B-00C04F79EFBC}") = "AsesmentModul2", "AsesmentModul2.csproj", "{90CCD181-1B74-450C-A920-D9A2FB46E8CD}"
EndProject
Global
	GlobalSection(SolutionConfigurationPlatforms) = preSolution
		Debug|Any CPU = Debug|Any CPU
		Release|Any CPU = Release|Any CPU
	EndGlobalSection
	GlobalSection(ProjectConfigurationPlatforms) = postSolution
		{90CCD181-1B74-450C-A920-D9A2FB46E8CD}.Debug|Any CPU.ActiveCfg = Debug|Any CPU
		{90CCD181-1B74-450C-A920-D9A2FB46E8CD}.Debug|Any CPU.Build.0 = Debug|Any CPU
		{90CCD181-1B74-450C-A920-D9A2FB46E8CD}.Release|Any CPU.ActiveCfg = Release|Any CPU
		{90CCD181-1B74-450C-A920-D9A2FB46E8CD}.Release|Any CPU.Build.0 = Release|Any CPU
	EndGlobalSection
	GlobalSection(SolutionProperties) = preSolution
		HideSolutionNode = FALSE
	EndGlobalSection
	GlobalSection(ExtensibilityGlobals) = postSolution
		SolutionGuid = {A8BB86D3-853B-4833-966F-CA8FD9CDF465}
	EndGlobalSection
EndGlobal
